
Microsoft Visual Studio Solution File, Format Version 11.00
# Visual Studio 2010
Project("{FAE04EC0-301F-11D3-BF4B-00C04F79EFBC}") = "3D_Audio_Course", "Assembly-CSharp.csproj", "{B3B3A24E-92C1-2186-B3AC-BDCFE78AC131}"
EndProject
Global
	GlobalSection(SolutionConfigurationPlatforms) = preSolution
		Debug|Any CPU = Debug|Any CPU
		Release|Any CPU = Release|Any CPU
	EndGlobalSection
	GlobalSection(ProjectConfigurationPlatforms) = postSolution
		{B3B3A24E-92C1-2186-B3AC-BDCFE78AC131}.Debug|Any CPU.ActiveCfg = Debug|Any CPU
		{B3B3A24E-92C1-2186-B3AC-BDCFE78AC131}.Debug|Any CPU.Build.0 = Debug|Any CPU
		{B3B3A24E-92C1-2186-B3AC-BDCFE78AC131}.Release|Any CPU.ActiveCfg = Release|Any CPU
		{B3B3A24E-92C1-2186-B3AC-BDCFE78AC131}.Release|Any CPU.Build.0 = Release|Any CPU
	EndGlobalSection
	GlobalSection(SolutionProperties) = preSolution
		HideSolutionNode = FALSE
	EndGlobalSection
	GlobalSection(MonoDevelopProperties) = preSolution
		StartupItem = Assembly-CSharp.csproj
	EndGlobalSection
EndGlobal
